
Microsoft Visual Studio Solution File, Format Version 12.00
# Visual Studio Version 17
VisualStudioVersion = 17.7.34202.233
MinimumVisualStudioVersion = 10.0.40219.1
Project("{FAE04EC0-301F-11D3-BF4B-00C04F79EFBC}") = "MyMountainApp", "MyMountainApp\MyMountainApp.csproj", "{4A40E686-9C76-4E08-BC8B-77C662AAEE26}"
EndProject
Project("{FAE04EC0-301F-11D3-BF4B-00C04F79EFBC}") = "MyMountainApp.Tests", "MyMountainApp.Tests\MyMountainApp.Tests.csproj", "{6CD395B6-9BB0-44A1-B6E7-F3FF2AE5BD1A}"
EndProject
Global
	GlobalSection(SolutionConfigurationPlatforms) = preSolution
		Debug|Any CPU = Debug|Any CPU
		Release|Any CPU = Release|Any CPU
	EndGlobalSection
	GlobalSection(ProjectConfigurationPlatforms) = postSolution
		{4A40E686-9C76-4E08-BC8B-77C662AAEE26}.Debug|Any CPU.ActiveCfg = Debug|Any CPU
		{4A40E686-9C76-4E08-BC8B-77C662AAEE26}.Debug|Any CPU.Build.0 = Debug|Any CPU
		{4A40E686-9C76-4E08-BC8B-77C662AAEE26}.Release|Any CPU.ActiveCfg = Release|Any CPU
		{4A40E686-9C76-4E08-BC8B-77C662AAEE26}.Release|Any CPU.Build.0 = Release|Any CPU
		{6CD395B6-9BB0-44A1-B6E7-F3FF2AE5BD1A}.Debug|Any CPU.ActiveCfg = Debug|Any CPU
		{6CD395B6-9BB0-44A1-B6E7-F3FF2AE5BD1A}.Debug|Any CPU.Build.0 = Debug|Any CPU
		{6CD395B6-9BB0-44A1-B6E7-F3FF2AE5BD1A}.Release|Any CPU.ActiveCfg = Release|Any CPU
		{6CD395B6-9BB0-44A1-B6E7-F3FF2AE5BD1A}.Release|Any CPU.Build.0 = Release|Any CPU
	EndGlobalSection
	GlobalSection(SolutionProperties) = preSolution
		HideSolutionNode = FALSE
	EndGlobalSection
	GlobalSection(ExtensibilityGlobals) = postSolution
		SolutionGuid = {F26B9CA2-0E7D-4E6D-B010-F05A71157FE9}
	EndGlobalSection
EndGlobal
